
Microsoft Visual Studio Solution File, Format Version 12.00
# Visual Studio Version 17
VisualStudioVersion = 17.14.36414.22 d17.14
MinimumVisualStudioVersion = 10.0.40219.1
Project("{888888A0-9F3D-457C-B088-3A5042F75D52}") = "GovHack", "GovHack.pyproj", "{7923FFBC-17B4-4451-8033-9C63FAC0BC46}"
EndProject
Global
	GlobalSection(SolutionConfigurationPlatforms) = preSolution
		Debug|Any CPU = Debug|Any CPU
		Release|Any CPU = Release|Any CPU
	EndGlobalSection
	GlobalSection(ProjectConfigurationPlatforms) = postSolution
		{7923FFBC-17B4-4451-8033-9C63FAC0BC46}.Debug|Any CPU.ActiveCfg = Debug|Any CPU
		{7923FFBC-17B4-4451-8033-9C63FAC0BC46}.Release|Any CPU.ActiveCfg = Release|Any CPU
	EndGlobalSection
	GlobalSection(SolutionProperties) = preSolution
		HideSolutionNode = FALSE
	EndGlobalSection
	GlobalSection(ExtensibilityGlobals) = postSolution
		SolutionGuid = {E9CE17F2-28E3-48F7-A67C-6F3E58FD204D}
	EndGlobalSection
EndGlobal
